<?xml version="1.0" encoding="UTF-8" standalone="yes" ?>
<CodeBlocks_project_file>
	<FileVersion major="1" minor="6" />
	<Project>
		<Option title="wNature" />
		<Option pch_mode="2" />
		<Option compiler="dmd" />
		<Build>
			<Target title="Release">
				<Option output="wNature" prefix_auto="1" extension_auto="1" />
				<Option object_output="/mnt/home/hackeridze/programs/wNature/.objs" />
				<Option type="1" />
				<Option compiler="dmd" />
				<Compiler>
					<Add option="-O" />
				</Compiler>
			</Target>
		</Build>
		<Unit filename="src/color.d" />
		<Unit filename="src/commands.d" />
		<Unit filename="src/handlers.d" />
		<Unit filename="src/hero.d" />
		<Unit filename="src/items.d" />
		<Unit filename="src/main.d" />
		<Unit filename="src/map.d" />
		<Unit filename="src/mobs.d" />
		<Unit filename="src/random.d" />
		<Unit filename="src/skills.d" />
		<Extensions>
			<code_completion />
			<debugger />
		</Extensions>
	</Project>
</CodeBlocks_project_file>
